
Microsoft Visual Studio Solution File, Format Version 12.00
# Visual Studio Version 17
VisualStudioVersion = 17.11.35327.3
MinimumVisualStudioVersion = 10.0.40219.1
Project("{9A19103F-16F7-4668-BE54-9A1E7A4F7556}") = "URL_scheme", "URL_scheme.csproj", "{17B21C39-E198-4AE6-A21C-9A8D88D318D3}"
EndProject
Project("{54435603-DBB4-11D2-8724-00A0C9A8B90C}") = "Installer", "..\Installer\Installer.vdproj", "{B39A0775-9FC5-440C-B7AB-5AAF009FF63A}"
EndProject
Global
	GlobalSection(SolutionConfigurationPlatforms) = preSolution
		Debug|Any CPU = Debug|Any CPU
		Release|Any CPU = Release|Any CPU
	EndGlobalSection
	GlobalSection(ProjectConfigurationPlatforms) = postSolution
		{17B21C39-E198-4AE6-A21C-9A8D88D318D3}.Debug|Any CPU.ActiveCfg = Debug|Any CPU
		{17B21C39-E198-4AE6-A21C-9A8D88D318D3}.Debug|Any CPU.Build.0 = Debug|Any CPU
		{17B21C39-E198-4AE6-A21C-9A8D88D318D3}.Release|Any CPU.ActiveCfg = Release|Any CPU
		{17B21C39-E198-4AE6-A21C-9A8D88D318D3}.Release|Any CPU.Build.0 = Release|Any CPU
		{B39A0775-9FC5-440C-B7AB-5AAF009FF63A}.Debug|Any CPU.ActiveCfg = Debug
		{B39A0775-9FC5-440C-B7AB-5AAF009FF63A}.Release|Any CPU.ActiveCfg = Release
	EndGlobalSection
	GlobalSection(SolutionProperties) = preSolution
		HideSolutionNode = FALSE
	EndGlobalSection
	GlobalSection(ExtensibilityGlobals) = postSolution
		SolutionGuid = {8618699B-8670-4E1B-9355-257271E3B217}
	EndGlobalSection
EndGlobal
